
Microsoft Visual Studio Solution File, Format Version 12.00
# Visual Studio Version 17
VisualStudioVersion = 17.13.35825.156 d17.13
MinimumVisualStudioVersion = 10.0.40219.1
Project("{FAE04EC0-301F-11D3-BF4B-00C04F79EFBC}") = "lab2", "lab2\lab2.csproj", "{670650F2-8655-4252-B285-C846B73DBD23}"
EndProject
Global
	GlobalSection(SolutionConfigurationPlatforms) = preSolution
		Debug|Any CPU = Debug|Any CPU
		Release|Any CPU = Release|Any CPU
	EndGlobalSection
	GlobalSection(ProjectConfigurationPlatforms) = postSolution
		{670650F2-8655-4252-B285-C846B73DBD23}.Debug|Any CPU.ActiveCfg = Debug|Any CPU
		{670650F2-8655-4252-B285-C846B73DBD23}.Debug|Any CPU.Build.0 = Debug|Any CPU
		{670650F2-8655-4252-B285-C846B73DBD23}.Release|Any CPU.ActiveCfg = Release|Any CPU
		{670650F2-8655-4252-B285-C846B73DBD23}.Release|Any CPU.Build.0 = Release|Any CPU
	EndGlobalSection
	GlobalSection(SolutionProperties) = preSolution
		HideSolutionNode = FALSE
	EndGlobalSection
	GlobalSection(ExtensibilityGlobals) = postSolution
		SolutionGuid = {0ADBAEFA-33BF-4D9E-A808-69ABEC3303C8}
	EndGlobalSection
EndGlobal
